{
  "version": 4,
  "terraform_version": "0.14.4",
  "serial": 55,
  "lineage": "255f404d-a535-cfb1-ea7a-8b9cb470de49",
  "outputs": {},
  "resources": [
    {
      "module": "module.vpc_main",
      "mode": "managed",
      "type": "google_compute_address",
      "name": "address",
      "provider": "provider[\"registry.terraform.io/hashicorp/google\"]",
      "instances": [
        {
          "index_key": 0,
          "schema_version": 0,
          "attributes": {
            "address": "34.105.60.240",
            "address_type": "EXTERNAL",
            "creation_timestamp": "2021-01-19T07:39:16.102-08:00",
            "description": "",
            "id": "projects/uniproject-32470/regions/us-west1/addresses/nat-manual-ip-0",
            "name": "nat-manual-ip-0",
            "network_tier": "PREMIUM",
            "project": "uniproject-32470",
            "purpose": "",
            "region": "us-west1",
            "self_link": "https://www.googleapis.com/compute/v1/projects/uniproject-32470/regions/us-west1/addresses/nat-manual-ip-0",
            "subnetwork": "",
            "timeouts": null,
            "users": []
          },
          "sensitive_attributes": [],
          "private": "eyJlMmJmYjczMC1lY2FhLTExZTYtOGY4OC0zNDM2M2JjN2M0YzAiOnsiY3JlYXRlIjoyNDAwMDAwMDAwMDAsImRlbGV0ZSI6MjQwMDAwMDAwMDAwfX0=",
          "dependencies": [
            "module.vpc_main.google_compute_network.vpc_network",
            "module.vpc_main.google_compute_subnetwork.private_plusgoogle_subnet_4"
          ]
        },
        {
          "index_key": 1,
          "schema_version": 0,
          "attributes": {
            "address": "35.203.161.69",
            "address_type": "EXTERNAL",
            "creation_timestamp": "2021-01-19T07:39:17.025-08:00",
            "description": "",
            "id": "projects/uniproject-32470/regions/us-west1/addresses/nat-manual-ip-1",
            "name": "nat-manual-ip-1",
            "network_tier": "PREMIUM",
            "project": "uniproject-32470",
            "purpose": "",
            "region": "us-west1",
            "self_link": "https://www.googleapis.com/compute/v1/projects/uniproject-32470/regions/us-west1/addresses/nat-manual-ip-1",
            "subnetwork": "",
            "timeouts": null,
            "users": []
          },
          "sensitive_attributes": [],
          "private": "eyJlMmJmYjczMC1lY2FhLTExZTYtOGY4OC0zNDM2M2JjN2M0YzAiOnsiY3JlYXRlIjoyNDAwMDAwMDAwMDAsImRlbGV0ZSI6MjQwMDAwMDAwMDAwfX0=",
          "dependencies": [
            "module.vpc_main.google_compute_network.vpc_network",
            "module.vpc_main.google_compute_subnetwork.private_plusgoogle_subnet_4"
          ]
        }
      ]
    },
    {
      "module": "module.vpc_main",
      "mode": "managed",
      "type": "google_compute_network",
      "name": "vpc_network",
      "provider": "provider[\"registry.terraform.io/hashicorp/google\"]",
      "instances": [
        {
          "schema_version": 0,
          "attributes": {
            "auto_create_subnetworks": false,
            "delete_default_routes_on_create": false,
            "description": "",
            "gateway_ipv4": "",
            "id": "projects/uniproject-32470/global/networks/uniproj-vpc",
            "ipv4_range": null,
            "name": "uniproj-vpc",
            "project": "uniproject-32470",
            "routing_mode": "REGIONAL",
            "self_link": "https://www.googleapis.com/compute/v1/projects/uniproject-32470/global/networks/uniproj-vpc",
            "timeouts": null
          },
          "sensitive_attributes": [],
          "private": "eyJlMmJmYjczMC1lY2FhLTExZTYtOGY4OC0zNDM2M2JjN2M0YzAiOnsiY3JlYXRlIjoyNDAwMDAwMDAwMDAsImRlbGV0ZSI6MjQwMDAwMDAwMDAwLCJ1cGRhdGUiOjI0MDAwMDAwMDAwMH19"
        }
      ]
    },
    {
      "module": "module.vpc_main",
      "mode": "managed",
      "type": "google_compute_router",
      "name": "router",
      "provider": "provider[\"registry.terraform.io/hashicorp/google\"]",
      "instances": [
        {
          "schema_version": 0,
          "attributes": {
            "bgp": [],
            "creation_timestamp": "2021-01-19T07:39:17.014-08:00",
            "description": "",
            "id": "projects/uniproject-32470/regions/us-west1/routers/uni-router",
            "name": "uni-router",
            "network": "https://www.googleapis.com/compute/v1/projects/uniproject-32470/global/networks/uniproj-vpc",
            "project": "uniproject-32470",
            "region": "us-west1",
            "self_link": "https://www.googleapis.com/compute/v1/projects/uniproject-32470/regions/us-west1/routers/uni-router",
            "timeouts": null
          },
          "sensitive_attributes": [],
          "private": "eyJlMmJmYjczMC1lY2FhLTExZTYtOGY4OC0zNDM2M2JjN2M0YzAiOnsiY3JlYXRlIjoyNDAwMDAwMDAwMDAsImRlbGV0ZSI6MjQwMDAwMDAwMDAwLCJ1cGRhdGUiOjI0MDAwMDAwMDAwMH19",
          "dependencies": [
            "module.vpc_main.google_compute_network.vpc_network",
            "module.vpc_main.google_compute_subnetwork.private_plusgoogle_subnet_4"
          ]
        }
      ]
    },
    {
      "module": "module.vpc_main",
      "mode": "managed",
      "type": "google_compute_router_nat",
      "name": "nat_manual",
      "provider": "provider[\"registry.terraform.io/hashicorp/google\"]",
      "instances": [
        {
          "schema_version": 0,
          "attributes": {
            "icmp_idle_timeout_sec": 30,
            "id": "uniproject-32470/us-west1/uni-router/my-router-nat",
            "log_config": [],
            "min_ports_per_vm": 0,
            "name": "my-router-nat",
            "nat_ip_allocate_option": "MANUAL_ONLY",
            "nat_ips": [
              "https://www.googleapis.com/compute/v1/projects/uniproject-32470/regions/us-west1/addresses/nat-manual-ip-0",
              "https://www.googleapis.com/compute/v1/projects/uniproject-32470/regions/us-west1/addresses/nat-manual-ip-1"
            ],
            "project": "uniproject-32470",
            "region": "us-west1",
            "router": "uni-router",
            "source_subnetwork_ip_ranges_to_nat": "LIST_OF_SUBNETWORKS",
            "subnetwork": [
              {
                "name": "projects/uniproject-32470/regions/us-west1/subnetworks/private-subnet-3",
                "secondary_ip_range_names": [],
                "source_ip_ranges_to_nat": [
                  "ALL_IP_RANGES"
                ]
              },
              {
                "name": "projects/uniproject-32470/regions/us-west1/subnetworks/private-subnet-4",
                "secondary_ip_range_names": [],
                "source_ip_ranges_to_nat": [
                  "ALL_IP_RANGES"
                ]
              }
            ],
            "tcp_established_idle_timeout_sec": 1200,
            "tcp_transitory_idle_timeout_sec": 30,
            "timeouts": null,
            "udp_idle_timeout_sec": 30
          },
          "sensitive_attributes": [],
          "private": "eyJlMmJmYjczMC1lY2FhLTExZTYtOGY4OC0zNDM2M2JjN2M0YzAiOnsiY3JlYXRlIjo2MDAwMDAwMDAwMDAsImRlbGV0ZSI6NjAwMDAwMDAwMDAwLCJ1cGRhdGUiOjYwMDAwMDAwMDAwMH19",
          "dependencies": [
            "module.vpc_main.google_compute_address.address",
            "module.vpc_main.google_compute_network.vpc_network",
            "module.vpc_main.google_compute_router.router",
            "module.vpc_main.google_compute_subnetwork.private_plusgoogle_subnet_3",
            "module.vpc_main.google_compute_subnetwork.private_plusgoogle_subnet_4"
          ]
        }
      ]
    },
    {
      "module": "module.vpc_main",
      "mode": "managed",
      "type": "google_compute_subnetwork",
      "name": "private-subnet-1",
      "provider": "provider[\"registry.terraform.io/hashicorp/google\"]",
      "instances": [
        {
          "schema_version": 0,
          "attributes": {
            "creation_timestamp": "2021-01-19T07:38:59.551-08:00",
            "description": "",
            "enable_flow_logs": null,
            "fingerprint": null,
            "gateway_address": "10.0.0.1",
            "id": "projects/uniproject-32470/regions/us-west1/subnetworks/private-subnet-1",
            "ip_cidr_range": "10.0.0.0/23",
            "log_config": [],
            "name": "private-subnet-1",
            "network": "https://www.googleapis.com/compute/v1/projects/uniproject-32470/global/networks/uniproj-vpc",
            "private_ip_google_access": true,
            "project": "uniproject-32470",
            "region": "us-west1",
            "secondary_ip_range": [],
            "self_link": "https://www.googleapis.com/compute/v1/projects/uniproject-32470/regions/us-west1/subnetworks/private-subnet-1",
            "timeouts": null
          },
          "sensitive_attributes": [],
          "private": "eyJlMmJmYjczMC1lY2FhLTExZTYtOGY4OC0zNDM2M2JjN2M0YzAiOnsiY3JlYXRlIjozNjAwMDAwMDAwMDAsImRlbGV0ZSI6MzYwMDAwMDAwMDAwLCJ1cGRhdGUiOjM2MDAwMDAwMDAwMH19",
          "dependencies": [
            "module.vpc_main.google_compute_network.vpc_network"
          ]
        }
      ]
    },
    {
      "module": "module.vpc_main",
      "mode": "managed",
      "type": "google_compute_subnetwork",
      "name": "private-subnet-2",
      "provider": "provider[\"registry.terraform.io/hashicorp/google\"]",
      "instances": [
        {
          "schema_version": 0,
          "attributes": {
            "creation_timestamp": "2021-01-19T07:39:00.476-08:00",
            "description": "",
            "enable_flow_logs": null,
            "fingerprint": null,
            "gateway_address": "10.0.2.1",
            "id": "projects/uniproject-32470/regions/us-west1/subnetworks/private-subnet-2",
            "ip_cidr_range": "10.0.2.0/23",
            "log_config": [],
            "name": "private-subnet-2",
            "network": "https://www.googleapis.com/compute/v1/projects/uniproject-32470/global/networks/uniproj-vpc",
            "private_ip_google_access": true,
            "project": "uniproject-32470",
            "region": "us-west1",
            "secondary_ip_range": [],
            "self_link": "https://www.googleapis.com/compute/v1/projects/uniproject-32470/regions/us-west1/subnetworks/private-subnet-2",
            "timeouts": null
          },
          "sensitive_attributes": [],
          "private": "eyJlMmJmYjczMC1lY2FhLTExZTYtOGY4OC0zNDM2M2JjN2M0YzAiOnsiY3JlYXRlIjozNjAwMDAwMDAwMDAsImRlbGV0ZSI6MzYwMDAwMDAwMDAwLCJ1cGRhdGUiOjM2MDAwMDAwMDAwMH19",
          "dependencies": [
            "module.vpc_main.google_compute_network.vpc_network"
          ]
        }
      ]
    },
    {
      "module": "module.vpc_main",
      "mode": "managed",
      "type": "google_compute_subnetwork",
      "name": "private_plusgoogle_subnet_3",
      "provider": "provider[\"registry.terraform.io/hashicorp/google\"]",
      "instances": [
        {
          "schema_version": 0,
          "attributes": {
            "creation_timestamp": "2021-01-19T07:38:59.537-08:00",
            "description": "",
            "enable_flow_logs": null,
            "fingerprint": null,
            "gateway_address": "10.0.4.1",
            "id": "projects/uniproject-32470/regions/us-west1/subnetworks/private-subnet-3",
            "ip_cidr_range": "10.0.4.0/23",
            "log_config": [],
            "name": "private-subnet-3",
            "network": "https://www.googleapis.com/compute/v1/projects/uniproject-32470/global/networks/uniproj-vpc",
            "private_ip_google_access": false,
            "project": "uniproject-32470",
            "region": "us-west1",
            "secondary_ip_range": [],
            "self_link": "https://www.googleapis.com/compute/v1/projects/uniproject-32470/regions/us-west1/subnetworks/private-subnet-3",
            "timeouts": null
          },
          "sensitive_attributes": [],
          "private": "eyJlMmJmYjczMC1lY2FhLTExZTYtOGY4OC0zNDM2M2JjN2M0YzAiOnsiY3JlYXRlIjozNjAwMDAwMDAwMDAsImRlbGV0ZSI6MzYwMDAwMDAwMDAwLCJ1cGRhdGUiOjM2MDAwMDAwMDAwMH19",
          "dependencies": [
            "module.vpc_main.google_compute_network.vpc_network"
          ]
        }
      ]
    },
    {
      "module": "module.vpc_main",
      "mode": "managed",
      "type": "google_compute_subnetwork",
      "name": "private_plusgoogle_subnet_4",
      "provider": "provider[\"registry.terraform.io/hashicorp/google\"]",
      "instances": [
        {
          "schema_version": 0,
          "attributes": {
            "creation_timestamp": "2021-01-19T07:38:59.405-08:00",
            "description": "",
            "enable_flow_logs": null,
            "fingerprint": null,
            "gateway_address": "10.0.6.1",
            "id": "projects/uniproject-32470/regions/us-west1/subnetworks/private-subnet-4",
            "ip_cidr_range": "10.0.6.0/23",
            "log_config": [],
            "name": "private-subnet-4",
            "network": "https://www.googleapis.com/compute/v1/projects/uniproject-32470/global/networks/uniproj-vpc",
            "private_ip_google_access": false,
            "project": "uniproject-32470",
            "region": "us-west1",
            "secondary_ip_range": [],
            "self_link": "https://www.googleapis.com/compute/v1/projects/uniproject-32470/regions/us-west1/subnetworks/private-subnet-4",
            "timeouts": null
          },
          "sensitive_attributes": [],
          "private": "eyJlMmJmYjczMC1lY2FhLTExZTYtOGY4OC0zNDM2M2JjN2M0YzAiOnsiY3JlYXRlIjozNjAwMDAwMDAwMDAsImRlbGV0ZSI6MzYwMDAwMDAwMDAwLCJ1cGRhdGUiOjM2MDAwMDAwMDAwMH19",
          "dependencies": [
            "module.vpc_main.google_compute_network.vpc_network"
          ]
        }
      ]
    }
  ]
}
